
Microsoft Visual Studio Solution File, Format Version 12.00
# Visual Studio 15
VisualStudioVersion = 15.0.28307.271
MinimumVisualStudioVersion = 10.0.40219.1
Project("{FAE04EC0-301F-11D3-BF4B-00C04F79EFBC}") = "Magazin.Domain", "Magazin.Domain\Magazin.Domain.csproj", "{DAD7DBDC-096A-4F79-A86E-C696B9C9DA26}"
EndProject
Project("{FAE04EC0-301F-11D3-BF4B-00C04F79EFBC}") = "Magazin.UnitTest", "Magazin.UnitTest\Magazin.UnitTest.csproj", "{DE014470-EB08-4118-955C-335009595F13}"
EndProject
Project("{FAE04EC0-301F-11D3-BF4B-00C04F79EFBC}") = "Magazin.Web", "Magazin.Web\Magazin.Web.csproj", "{2F90D3BA-0D3D-4D46-B843-6FCEF5860E61}"
EndProject
Global
	GlobalSection(SolutionConfigurationPlatforms) = preSolution
		Debug|Any CPU = Debug|Any CPU
		Release|Any CPU = Release|Any CPU
	EndGlobalSection
	GlobalSection(ProjectConfigurationPlatforms) = postSolution
		{DAD7DBDC-096A-4F79-A86E-C696B9C9DA26}.Debug|Any CPU.ActiveCfg = Debug|Any CPU
		{DAD7DBDC-096A-4F79-A86E-C696B9C9DA26}.Debug|Any CPU.Build.0 = Debug|Any CPU
		{DAD7DBDC-096A-4F79-A86E-C696B9C9DA26}.Release|Any CPU.ActiveCfg = Release|Any CPU
		{DAD7DBDC-096A-4F79-A86E-C696B9C9DA26}.Release|Any CPU.Build.0 = Release|Any CPU
		{DE014470-EB08-4118-955C-335009595F13}.Debug|Any CPU.ActiveCfg = Debug|Any CPU
		{DE014470-EB08-4118-955C-335009595F13}.Debug|Any CPU.Build.0 = Debug|Any CPU
		{DE014470-EB08-4118-955C-335009595F13}.Release|Any CPU.ActiveCfg = Release|Any CPU
		{DE014470-EB08-4118-955C-335009595F13}.Release|Any CPU.Build.0 = Release|Any CPU
		{2F90D3BA-0D3D-4D46-B843-6FCEF5860E61}.Debug|Any CPU.ActiveCfg = Debug|Any CPU
		{2F90D3BA-0D3D-4D46-B843-6FCEF5860E61}.Debug|Any CPU.Build.0 = Debug|Any CPU
		{2F90D3BA-0D3D-4D46-B843-6FCEF5860E61}.Release|Any CPU.ActiveCfg = Release|Any CPU
		{2F90D3BA-0D3D-4D46-B843-6FCEF5860E61}.Release|Any CPU.Build.0 = Release|Any CPU
	EndGlobalSection
	GlobalSection(SolutionProperties) = preSolution
		HideSolutionNode = FALSE
	EndGlobalSection
	GlobalSection(ExtensibilityGlobals) = postSolution
		SolutionGuid = {2AE085A0-A590-4CFE-8AC5-0D26287C3D42}
	EndGlobalSection
EndGlobal
